
Microsoft Visual Studio Solution File, Format Version 12.00
# Visual Studio Version 17
VisualStudioVersion = 17.11.35327.3
MinimumVisualStudioVersion = 10.0.40219.1
Project("{2150E333-8FDC-42A3-9474-1A3956D46DE8}") = "src", "src", "{401F333F-593B-4DA2-9ECE-11503B2BCBA6}"
EndProject
Project("{FAE04EC0-301F-11D3-BF4B-00C04F79EFBC}") = "AsyncMultiThreadProgramming", "AsyncMultiThreadProgramming\AsyncMultiThreadProgramming.csproj", "{9C39906C-069A-448F-9C19-4AB775D3BCAB}"
EndProject
Global
	GlobalSection(SolutionConfigurationPlatforms) = preSolution
		Debug|Any CPU = Debug|Any CPU
		Release|Any CPU = Release|Any CPU
	EndGlobalSection
	GlobalSection(ProjectConfigurationPlatforms) = postSolution
		{9C39906C-069A-448F-9C19-4AB775D3BCAB}.Debug|Any CPU.ActiveCfg = Debug|Any CPU
		{9C39906C-069A-448F-9C19-4AB775D3BCAB}.Debug|Any CPU.Build.0 = Debug|Any CPU
		{9C39906C-069A-448F-9C19-4AB775D3BCAB}.Release|Any CPU.ActiveCfg = Release|Any CPU
		{9C39906C-069A-448F-9C19-4AB775D3BCAB}.Release|Any CPU.Build.0 = Release|Any CPU
	EndGlobalSection
	GlobalSection(SolutionProperties) = preSolution
		HideSolutionNode = FALSE
	EndGlobalSection
	GlobalSection(NestedProjects) = preSolution
		{9C39906C-069A-448F-9C19-4AB775D3BCAB} = {401F333F-593B-4DA2-9ECE-11503B2BCBA6}
	EndGlobalSection
	GlobalSection(ExtensibilityGlobals) = postSolution
		SolutionGuid = {2FE833B0-CA43-4772-B463-0A25BA0129EB}
	EndGlobalSection
EndGlobal
